
Microsoft Visual Studio Solution File, Format Version 12.00
# Visual Studio Version 17
VisualStudioVersion = 17.0.31903.59
MinimumVisualStudioVersion = 10.0.40219.1
Project("{8BC9CEB8-8B4A-11D0-8D11-00A0C91BC942}") = "Task 1", "Task 1\Task 1.vcxproj", "{D67DC2D9-60A8-472B-80FD-A67C765615FB}"
EndProject
Project("{8BC9CEB8-8B4A-11D0-8D11-00A0C91BC942}") = "Task 5", "Task 5\Task 5.vcxproj", "{F48F2756-15DE-40C8-81D6-E147E2EB2B80}"
EndProject
Project("{8BC9CEB8-8B4A-11D0-8D11-00A0C91BC942}") = "Task 6", "Task 6\Task 6.vcxproj", "{7F8FEE2D-9796-4119-9A5F-2A2F40B94E93}"
EndProject
Project("{8BC9CEB8-8B4A-11D0-8D11-00A0C91BC942}") = "Task 4", "Task 4\Task 4.vcxproj", "{E2B4D85D-16F8-4A85-A297-B62355BD7518}"
EndProject
Project("{8BC9CEB8-8B4A-11D0-8D11-00A0C91BC942}") = "Task 9", "Task 9\Task 9.vcxproj", "{BB417252-E66D-45C1-A507-5E51FD632B40}"
EndProject
Project("{8BC9CEB8-8B4A-11D0-8D11-00A0C91BC942}") = "Task 2", "Task 2\Task 2.vcxproj", "{6CB33669-514C-438F-8E31-3B259632275C}"
EndProject
Project("{8BC9CEB8-8B4A-11D0-8D11-00A0C91BC942}") = "Task 3", "Task 3\Task 3.vcxproj", "{D2608656-8FFA-464A-A8CF-F265D6B754CC}"
EndProject
Project("{8BC9CEB8-8B4A-11D0-8D11-00A0C91BC942}") = "Task 7", "Task 7\Task 7.vcxproj", "{95B724BA-01D6-4374-A965-6AF91744F8FB}"
EndProject
Project("{8BC9CEB8-8B4A-11D0-8D11-00A0C91BC942}") = "Task 8", "Task 8\Task 8.vcxproj", "{705D183E-527D-4495-A563-CABF5A587388}"
EndProject
Global
	GlobalSection(SolutionConfigurationPlatforms) = preSolution
		Debug|x64 = Debug|x64
		Debug|x86 = Debug|x86
		Release|x64 = Release|x64
		Release|x86 = Release|x86
	EndGlobalSection
	GlobalSection(ProjectConfigurationPlatforms) = postSolution
		{D67DC2D9-60A8-472B-80FD-A67C765615FB}.Debug|x64.ActiveCfg = Debug|x64
		{D67DC2D9-60A8-472B-80FD-A67C765615FB}.Debug|x64.Build.0 = Debug|x64
		{D67DC2D9-60A8-472B-80FD-A67C765615FB}.Debug|x86.ActiveCfg = Debug|Win32
		{D67DC2D9-60A8-472B-80FD-A67C765615FB}.Debug|x86.Build.0 = Debug|Win32
		{D67DC2D9-60A8-472B-80FD-A67C765615FB}.Release|x64.ActiveCfg = Release|x64
		{D67DC2D9-60A8-472B-80FD-A67C765615FB}.Release|x64.Build.0 = Release|x64
		{D67DC2D9-60A8-472B-80FD-A67C765615FB}.Release|x86.ActiveCfg = Release|Win32
		{D67DC2D9-60A8-472B-80FD-A67C765615FB}.Release|x86.Build.0 = Release|Win32
		{F48F2756-15DE-40C8-81D6-E147E2EB2B80}.Debug|x64.ActiveCfg = Debug|x64
		{F48F2756-15DE-40C8-81D6-E147E2EB2B80}.Debug|x64.Build.0 = Debug|x64
		{F48F2756-15DE-40C8-81D6-E147E2EB2B80}.Debug|x86.ActiveCfg = Debug|Win32
		{F48F2756-15DE-40C8-81D6-E147E2EB2B80}.Debug|x86.Build.0 = Debug|Win32
		{F48F2756-15DE-40C8-81D6-E147E2EB2B80}.Release|x64.ActiveCfg = Release|x64
		{F48F2756-15DE-40C8-81D6-E147E2EB2B80}.Release|x64.Build.0 = Release|x64
		{F48F2756-15DE-40C8-81D6-E147E2EB2B80}.Release|x86.ActiveCfg = Release|Win32
		{F48F2756-15DE-40C8-81D6-E147E2EB2B80}.Release|x86.Build.0 = Release|Win32
		{7F8FEE2D-9796-4119-9A5F-2A2F40B94E93}.Debug|x64.ActiveCfg = Debug|x64
		{7F8FEE2D-9796-4119-9A5F-2A2F40B94E93}.Debug|x64.Build.0 = Debug|x64
		{7F8FEE2D-9796-4119-9A5F-2A2F40B94E93}.Debug|x86.ActiveCfg = Debug|Win32
		{7F8FEE2D-9796-4119-9A5F-2A2F40B94E93}.Debug|x86.Build.0 = Debug|Win32
		{7F8FEE2D-9796-4119-9A5F-2A2F40B94E93}.Release|x64.ActiveCfg = Release|x64
		{7F8FEE2D-9796-4119-9A5F-2A2F40B94E93}.Release|x64.Build.0 = Release|x64
		{7F8FEE2D-9796-4119-9A5F-2A2F40B94E93}.Release|x86.ActiveCfg = Release|Win32
		{7F8FEE2D-9796-4119-9A5F-2A2F40B94E93}.Release|x86.Build.0 = Release|Win32
		{E2B4D85D-16F8-4A85-A297-B62355BD7518}.Debug|x64.ActiveCfg = Debug|x64
		{E2B4D85D-16F8-4A85-A297-B62355BD7518}.Debug|x64.Build.0 = Debug|x64
		{E2B4D85D-16F8-4A85-A297-B62355BD7518}.Debug|x86.ActiveCfg = Debug|Win32
		{E2B4D85D-16F8-4A85-A297-B62355BD7518}.Debug|x86.Build.0 = Debug|Win32
		{E2B4D85D-16F8-4A85-A297-B62355BD7518}.Release|x64.ActiveCfg = Release|x64
		{E2B4D85D-16F8-4A85-A297-B62355BD7518}.Release|x64.Build.0 = Release|x64
		{E2B4D85D-16F8-4A85-A297-B62355BD7518}.Release|x86.ActiveCfg = Release|Win32
		{E2B4D85D-16F8-4A85-A297-B62355BD7518}.Release|x86.Build.0 = Release|Win32
		{BB417252-E66D-45C1-A507-5E51FD632B40}.Debug|x64.ActiveCfg = Debug|x64
		{BB417252-E66D-45C1-A507-5E51FD632B40}.Debug|x64.Build.0 = Debug|x64
		{BB417252-E66D-45C1-A507-5E51FD632B40}.Debug|x86.ActiveCfg = Debug|Win32
		{BB417252-E66D-45C1-A507-5E51FD632B40}.Debug|x86.Build.0 = Debug|Win32
		{BB417252-E66D-45C1-A507-5E51FD632B40}.Release|x64.ActiveCfg = Release|x64
		{BB417252-E66D-45C1-A507-5E51FD632B40}.Release|x64.Build.0 = Release|x64
		{BB417252-E66D-45C1-A507-5E51FD632B40}.Release|x86.ActiveCfg = Release|Win32
		{BB417252-E66D-45C1-A507-5E51FD632B40}.Release|x86.Build.0 = Release|Win32
		{6CB33669-514C-438F-8E31-3B259632275C}.Debug|x64.ActiveCfg = Debug|x64
		{6CB33669-514C-438F-8E31-3B259632275C}.Debug|x64.Build.0 = Debug|x64
		{6CB33669-514C-438F-8E31-3B259632275C}.Debug|x86.ActiveCfg = Debug|Win32
		{6CB33669-514C-438F-8E31-3B259632275C}.Debug|x86.Build.0 = Debug|Win32
		{6CB33669-514C-438F-8E31-3B259632275C}.Release|x64.ActiveCfg = Release|x64
		{6CB33669-514C-438F-8E31-3B259632275C}.Release|x64.Build.0 = Release|x64
		{6CB33669-514C-438F-8E31-3B259632275C}.Release|x86.ActiveCfg = Release|Win32
		{6CB33669-514C-438F-8E31-3B259632275C}.Release|x86.Build.0 = Release|Win32
		{D2608656-8FFA-464A-A8CF-F265D6B754CC}.Debug|x64.ActiveCfg = Debug|x64
		{D2608656-8FFA-464A-A8CF-F265D6B754CC}.Debug|x64.Build.0 = Debug|x64
		{D2608656-8FFA-464A-A8CF-F265D6B754CC}.Debug|x86.ActiveCfg = Debug|Win32
		{D2608656-8FFA-464A-A8CF-F265D6B754CC}.Debug|x86.Build.0 = Debug|Win32
		{D2608656-8FFA-464A-A8CF-F265D6B754CC}.Release|x64.ActiveCfg = Release|x64
		{D2608656-8FFA-464A-A8CF-F265D6B754CC}.Release|x64.Build.0 = Release|x64
		{D2608656-8FFA-464A-A8CF-F265D6B754CC}.Release|x86.ActiveCfg = Release|Win32
		{D2608656-8FFA-464A-A8CF-F265D6B754CC}.Release|x86.Build.0 = Release|Win32
		{95B724BA-01D6-4374-A965-6AF91744F8FB}.Debug|x64.ActiveCfg = Debug|x64
		{95B724BA-01D6-4374-A965-6AF91744F8FB}.Debug|x64.Build.0 = Debug|x64
		{95B724BA-01D6-4374-A965-6AF91744F8FB}.Debug|x86.ActiveCfg = Debug|Win32
		{95B724BA-01D6-4374-A965-6AF91744F8FB}.Debug|x86.Build.0 = Debug|Win32
		{95B724BA-01D6-4374-A965-6AF91744F8FB}.Release|x64.ActiveCfg = Release|x64
		{95B724BA-01D6-4374-A965-6AF91744F8FB}.Release|x64.Build.0 = Release|x64
		{95B724BA-01D6-4374-A965-6AF91744F8FB}.Release|x86.ActiveCfg = Release|Win32
		{95B724BA-01D6-4374-A965-6AF91744F8FB}.Release|x86.Build.0 = Release|Win32
		{705D183E-527D-4495-A563-CABF5A587388}.Debug|x64.ActiveCfg = Debug|x64
		{705D183E-527D-4495-A563-CABF5A587388}.Debug|x64.Build.0 = Debug|x64
		{705D183E-527D-4495-A563-CABF5A587388}.Debug|x86.ActiveCfg = Debug|Win32
		{705D183E-527D-4495-A563-CABF5A587388}.Debug|x86.Build.0 = Debug|Win32
		{705D183E-527D-4495-A563-CABF5A587388}.Release|x64.ActiveCfg = Release|x64
		{705D183E-527D-4495-A563-CABF5A587388}.Release|x64.Build.0 = Release|x64
		{705D183E-527D-4495-A563-CABF5A587388}.Release|x86.ActiveCfg = Release|Win32
		{705D183E-527D-4495-A563-CABF5A587388}.Release|x86.Build.0 = Release|Win32
	EndGlobalSection
	GlobalSection(SolutionProperties) = preSolution
		HideSolutionNode = FALSE
	EndGlobalSection
	GlobalSection(ExtensibilityGlobals) = postSolution
		SolutionGuid = {89200D50-624C-4E3C-B92C-B73F937B3754}
	EndGlobalSection
EndGlobal
