
Microsoft Visual Studio Solution File, Format Version 12.00
# Visual Studio Version 16
VisualStudioVersion = 16.0.31624.102
MinimumVisualStudioVersion = 10.0.40219.1
Project("{8BC9CEB8-8B4A-11D0-8D11-00A0C91BC942}") = "Task 1", "Task 1.vcxproj", "{1D6EA65C-F117-4CCA-A577-6624C16F3432}"
EndProject
Project("{8BC9CEB8-8B4A-11D0-8D11-00A0C91BC942}") = "Task 3.1", "..\Task 3.1\Task 3.1.vcxproj", "{50B5EE3D-A54D-4A28-9B30-CE6D7AE3D5F2}"
EndProject
Project("{8BC9CEB8-8B4A-11D0-8D11-00A0C91BC942}") = "Task 3.2", "..\Task 3.2\Task 3.2.vcxproj", "{AB8BD6D9-8C22-499D-A38B-57B37089C57D}"
EndProject
Project("{8BC9CEB8-8B4A-11D0-8D11-00A0C91BC942}") = "Task 3.3", "..\Task 3.3\Task 3.3.vcxproj", "{46EED9CD-4164-40D1-8504-C283758C9334}"
EndProject
Project("{8BC9CEB8-8B4A-11D0-8D11-00A0C91BC942}") = "Task adv_1", "..\Task adv_1\Task adv_1.vcxproj", "{624EE92C-0329-4A90-9E82-CFFA3D189F8A}"
EndProject
Project("{8BC9CEB8-8B4A-11D0-8D11-00A0C91BC942}") = "Task adv_2", "..\Task adv_2\Task adv_2.vcxproj", "{36C1837C-7CBB-4389-A1B7-081EC3F6855F}"
EndProject
Project("{8BC9CEB8-8B4A-11D0-8D11-00A0C91BC942}") = "Task adv_3", "..\Task adv_3\Task adv_3.vcxproj", "{70E73F6B-913A-41C7-BDB2-894960666713}"
EndProject
Project("{8BC9CEB8-8B4A-11D0-8D11-00A0C91BC942}") = "StaticLib", "..\StaticLib\StaticLib.vcxproj", "{1A303637-1A6F-417D-AE5F-469C90EE777C}"
EndProject
Project("{8BC9CEB8-8B4A-11D0-8D11-00A0C91BC942}") = "Task 2", "..\Task 2\Task 2.vcxproj", "{A72A86DD-C206-4E23-8CDC-D881A44BC2CC}"
EndProject
Project("{8BC9CEB8-8B4A-11D0-8D11-00A0C91BC942}") = "DynamicLib", "..\DynamicLib\DynamicLib.vcxproj", "{BE53F911-E7C6-47A0-8A86-EB3ED8A9B03C}"
EndProject
Global
	GlobalSection(SolutionConfigurationPlatforms) = preSolution
		Debug|x64 = Debug|x64
		Debug|x86 = Debug|x86
		Release|x64 = Release|x64
		Release|x86 = Release|x86
	EndGlobalSection
	GlobalSection(ProjectConfigurationPlatforms) = postSolution
		{1D6EA65C-F117-4CCA-A577-6624C16F3432}.Debug|x64.ActiveCfg = Debug|x64
		{1D6EA65C-F117-4CCA-A577-6624C16F3432}.Debug|x64.Build.0 = Debug|x64
		{1D6EA65C-F117-4CCA-A577-6624C16F3432}.Debug|x86.ActiveCfg = Debug|Win32
		{1D6EA65C-F117-4CCA-A577-6624C16F3432}.Debug|x86.Build.0 = Debug|Win32
		{1D6EA65C-F117-4CCA-A577-6624C16F3432}.Release|x64.ActiveCfg = Release|x64
		{1D6EA65C-F117-4CCA-A577-6624C16F3432}.Release|x64.Build.0 = Release|x64
		{1D6EA65C-F117-4CCA-A577-6624C16F3432}.Release|x86.ActiveCfg = Release|Win32
		{1D6EA65C-F117-4CCA-A577-6624C16F3432}.Release|x86.Build.0 = Release|Win32
		{50B5EE3D-A54D-4A28-9B30-CE6D7AE3D5F2}.Debug|x64.ActiveCfg = Debug|x64
		{50B5EE3D-A54D-4A28-9B30-CE6D7AE3D5F2}.Debug|x64.Build.0 = Debug|x64
		{50B5EE3D-A54D-4A28-9B30-CE6D7AE3D5F2}.Debug|x86.ActiveCfg = Debug|Win32
		{50B5EE3D-A54D-4A28-9B30-CE6D7AE3D5F2}.Debug|x86.Build.0 = Debug|Win32
		{50B5EE3D-A54D-4A28-9B30-CE6D7AE3D5F2}.Release|x64.ActiveCfg = Release|x64
		{50B5EE3D-A54D-4A28-9B30-CE6D7AE3D5F2}.Release|x64.Build.0 = Release|x64
		{50B5EE3D-A54D-4A28-9B30-CE6D7AE3D5F2}.Release|x86.ActiveCfg = Release|Win32
		{50B5EE3D-A54D-4A28-9B30-CE6D7AE3D5F2}.Release|x86.Build.0 = Release|Win32
		{AB8BD6D9-8C22-499D-A38B-57B37089C57D}.Debug|x64.ActiveCfg = Debug|x64
		{AB8BD6D9-8C22-499D-A38B-57B37089C57D}.Debug|x64.Build.0 = Debug|x64
		{AB8BD6D9-8C22-499D-A38B-57B37089C57D}.Debug|x86.ActiveCfg = Debug|Win32
		{AB8BD6D9-8C22-499D-A38B-57B37089C57D}.Debug|x86.Build.0 = Debug|Win32
		{AB8BD6D9-8C22-499D-A38B-57B37089C57D}.Release|x64.ActiveCfg = Release|x64
		{AB8BD6D9-8C22-499D-A38B-57B37089C57D}.Release|x64.Build.0 = Release|x64
		{AB8BD6D9-8C22-499D-A38B-57B37089C57D}.Release|x86.ActiveCfg = Release|Win32
		{AB8BD6D9-8C22-499D-A38B-57B37089C57D}.Release|x86.Build.0 = Release|Win32
		{46EED9CD-4164-40D1-8504-C283758C9334}.Debug|x64.ActiveCfg = Debug|x64
		{46EED9CD-4164-40D1-8504-C283758C9334}.Debug|x64.Build.0 = Debug|x64
		{46EED9CD-4164-40D1-8504-C283758C9334}.Debug|x86.ActiveCfg = Debug|Win32
		{46EED9CD-4164-40D1-8504-C283758C9334}.Debug|x86.Build.0 = Debug|Win32
		{46EED9CD-4164-40D1-8504-C283758C9334}.Release|x64.ActiveCfg = Release|x64
		{46EED9CD-4164-40D1-8504-C283758C9334}.Release|x64.Build.0 = Release|x64
		{46EED9CD-4164-40D1-8504-C283758C9334}.Release|x86.ActiveCfg = Release|Win32
		{46EED9CD-4164-40D1-8504-C283758C9334}.Release|x86.Build.0 = Release|Win32
		{624EE92C-0329-4A90-9E82-CFFA3D189F8A}.Debug|x64.ActiveCfg = Debug|x64
		{624EE92C-0329-4A90-9E82-CFFA3D189F8A}.Debug|x64.Build.0 = Debug|x64
		{624EE92C-0329-4A90-9E82-CFFA3D189F8A}.Debug|x86.ActiveCfg = Debug|Win32
		{624EE92C-0329-4A90-9E82-CFFA3D189F8A}.Debug|x86.Build.0 = Debug|Win32
		{624EE92C-0329-4A90-9E82-CFFA3D189F8A}.Release|x64.ActiveCfg = Release|x64
		{624EE92C-0329-4A90-9E82-CFFA3D189F8A}.Release|x64.Build.0 = Release|x64
		{624EE92C-0329-4A90-9E82-CFFA3D189F8A}.Release|x86.ActiveCfg = Release|Win32
		{624EE92C-0329-4A90-9E82-CFFA3D189F8A}.Release|x86.Build.0 = Release|Win32
		{36C1837C-7CBB-4389-A1B7-081EC3F6855F}.Debug|x64.ActiveCfg = Debug|x64
		{36C1837C-7CBB-4389-A1B7-081EC3F6855F}.Debug|x64.Build.0 = Debug|x64
		{36C1837C-7CBB-4389-A1B7-081EC3F6855F}.Debug|x86.ActiveCfg = Debug|Win32
		{36C1837C-7CBB-4389-A1B7-081EC3F6855F}.Debug|x86.Build.0 = Debug|Win32
		{36C1837C-7CBB-4389-A1B7-081EC3F6855F}.Release|x64.ActiveCfg = Release|x64
		{36C1837C-7CBB-4389-A1B7-081EC3F6855F}.Release|x64.Build.0 = Release|x64
		{36C1837C-7CBB-4389-A1B7-081EC3F6855F}.Release|x86.ActiveCfg = Release|Win32
		{36C1837C-7CBB-4389-A1B7-081EC3F6855F}.Release|x86.Build.0 = Release|Win32
		{70E73F6B-913A-41C7-BDB2-894960666713}.Debug|x64.ActiveCfg = Debug|x64
		{70E73F6B-913A-41C7-BDB2-894960666713}.Debug|x64.Build.0 = Debug|x64
		{70E73F6B-913A-41C7-BDB2-894960666713}.Debug|x86.ActiveCfg = Debug|Win32
		{70E73F6B-913A-41C7-BDB2-894960666713}.Debug|x86.Build.0 = Debug|Win32
		{70E73F6B-913A-41C7-BDB2-894960666713}.Release|x64.ActiveCfg = Release|x64
		{70E73F6B-913A-41C7-BDB2-894960666713}.Release|x64.Build.0 = Release|x64
		{70E73F6B-913A-41C7-BDB2-894960666713}.Release|x86.ActiveCfg = Release|Win32
		{70E73F6B-913A-41C7-BDB2-894960666713}.Release|x86.Build.0 = Release|Win32
		{1A303637-1A6F-417D-AE5F-469C90EE777C}.Debug|x64.ActiveCfg = Debug|x64
		{1A303637-1A6F-417D-AE5F-469C90EE777C}.Debug|x64.Build.0 = Debug|x64
		{1A303637-1A6F-417D-AE5F-469C90EE777C}.Debug|x86.ActiveCfg = Debug|Win32
		{1A303637-1A6F-417D-AE5F-469C90EE777C}.Debug|x86.Build.0 = Debug|Win32
		{1A303637-1A6F-417D-AE5F-469C90EE777C}.Release|x64.ActiveCfg = Release|x64
		{1A303637-1A6F-417D-AE5F-469C90EE777C}.Release|x64.Build.0 = Release|x64
		{1A303637-1A6F-417D-AE5F-469C90EE777C}.Release|x86.ActiveCfg = Release|Win32
		{1A303637-1A6F-417D-AE5F-469C90EE777C}.Release|x86.Build.0 = Release|Win32
		{A72A86DD-C206-4E23-8CDC-D881A44BC2CC}.Debug|x64.ActiveCfg = Debug|x64
		{A72A86DD-C206-4E23-8CDC-D881A44BC2CC}.Debug|x64.Build.0 = Debug|x64
		{A72A86DD-C206-4E23-8CDC-D881A44BC2CC}.Debug|x86.ActiveCfg = Debug|Win32
		{A72A86DD-C206-4E23-8CDC-D881A44BC2CC}.Debug|x86.Build.0 = Debug|Win32
		{A72A86DD-C206-4E23-8CDC-D881A44BC2CC}.Release|x64.ActiveCfg = Release|x64
		{A72A86DD-C206-4E23-8CDC-D881A44BC2CC}.Release|x64.Build.0 = Release|x64
		{A72A86DD-C206-4E23-8CDC-D881A44BC2CC}.Release|x86.ActiveCfg = Release|Win32
		{A72A86DD-C206-4E23-8CDC-D881A44BC2CC}.Release|x86.Build.0 = Release|Win32
		{BE53F911-E7C6-47A0-8A86-EB3ED8A9B03C}.Debug|x64.ActiveCfg = Debug|x64
		{BE53F911-E7C6-47A0-8A86-EB3ED8A9B03C}.Debug|x64.Build.0 = Debug|x64
		{BE53F911-E7C6-47A0-8A86-EB3ED8A9B03C}.Debug|x86.ActiveCfg = Debug|Win32
		{BE53F911-E7C6-47A0-8A86-EB3ED8A9B03C}.Debug|x86.Build.0 = Debug|Win32
		{BE53F911-E7C6-47A0-8A86-EB3ED8A9B03C}.Release|x64.ActiveCfg = Release|x64
		{BE53F911-E7C6-47A0-8A86-EB3ED8A9B03C}.Release|x64.Build.0 = Release|x64
		{BE53F911-E7C6-47A0-8A86-EB3ED8A9B03C}.Release|x86.ActiveCfg = Release|Win32
		{BE53F911-E7C6-47A0-8A86-EB3ED8A9B03C}.Release|x86.Build.0 = Release|Win32
	EndGlobalSection
	GlobalSection(SolutionProperties) = preSolution
		HideSolutionNode = FALSE
	EndGlobalSection
	GlobalSection(ExtensibilityGlobals) = postSolution
		SolutionGuid = {DC737BC7-BD7B-4DF8-9A06-A873EBDA4E74}
	EndGlobalSection
EndGlobal
