
Microsoft Visual Studio Solution File, Format Version 12.00
# Visual Studio Version 17
VisualStudioVersion = 17.2.32602.215
MinimumVisualStudioVersion = 10.0.40219.1
Project("{FAE04EC0-301F-11D3-BF4B-00C04F79EFBC}") = "153503_Skvortsov_Lab1", "153503_Skvortsov_Lab1\153503_Skvortsov_Lab1.csproj", "{E887B27A-2517-43B8-8A76-7B55A4114D20}"
EndProject
Global
	GlobalSection(SolutionConfigurationPlatforms) = preSolution
		Debug|Any CPU = Debug|Any CPU
		Release|Any CPU = Release|Any CPU
	EndGlobalSection
	GlobalSection(ProjectConfigurationPlatforms) = postSolution
		{E887B27A-2517-43B8-8A76-7B55A4114D20}.Debug|Any CPU.ActiveCfg = Debug|Any CPU
		{E887B27A-2517-43B8-8A76-7B55A4114D20}.Debug|Any CPU.Build.0 = Debug|Any CPU
		{E887B27A-2517-43B8-8A76-7B55A4114D20}.Release|Any CPU.ActiveCfg = Release|Any CPU
		{E887B27A-2517-43B8-8A76-7B55A4114D20}.Release|Any CPU.Build.0 = Release|Any CPU
	EndGlobalSection
	GlobalSection(SolutionProperties) = preSolution
		HideSolutionNode = FALSE
	EndGlobalSection
	GlobalSection(ExtensibilityGlobals) = postSolution
		SolutionGuid = {CDFBBA89-363A-496D-8B74-5EF30A7CDFD7}
	EndGlobalSection
EndGlobal
