
Microsoft Visual Studio Solution File, Format Version 12.00
# Visual Studio Version 17
VisualStudioVersion = 17.0.31903.59
MinimumVisualStudioVersion = 10.0.40219.1
Project("{8BC9CEB8-8B4A-11D0-8D11-00A0C91BC942}") = "Task 1", "Task 1.vcxproj", "{13C2A244-929A-47B7-BB20-5D123AB5A626}"
EndProject
Project("{8BC9CEB8-8B4A-11D0-8D11-00A0C91BC942}") = "Task 2", "..\Task 2\Task 2.vcxproj", "{7E8FB59D-9C7A-48D0-A032-1771D71ADE48}"
EndProject
Project("{8BC9CEB8-8B4A-11D0-8D11-00A0C91BC942}") = "Task 3", "..\Task 3\Task 3.vcxproj", "{7CA5D93D-FB24-4669-8E86-07CD9E68C7DD}"
EndProject
Project("{8BC9CEB8-8B4A-11D0-8D11-00A0C91BC942}") = "Task 6", "..\Task 6\Task 6.vcxproj", "{CE9F0E57-1EA1-4DB4-B3D3-4080E9B1DAAA}"
EndProject
Project("{8BC9CEB8-8B4A-11D0-8D11-00A0C91BC942}") = "Task 9", "..\Task 9\Task 9.vcxproj", "{46FB5457-9382-40F6-81BE-814A31A4DA64}"
EndProject
Project("{8BC9CEB8-8B4A-11D0-8D11-00A0C91BC942}") = "Task 7", "..\Task 7\Task 7.vcxproj", "{2A99788A-BE69-4030-92F7-87D8C2D48364}"
EndProject
Project("{8BC9CEB8-8B4A-11D0-8D11-00A0C91BC942}") = "Task 4", "..\Task 4\Task 4.vcxproj", "{2F655B1E-7941-4647-B1D4-A896669AFC8A}"
EndProject
Project("{8BC9CEB8-8B4A-11D0-8D11-00A0C91BC942}") = "Task 5", "..\Task 5\Task 5.vcxproj", "{CA10E912-2944-43A1-9CA0-647E5974B15C}"
EndProject
Project("{8BC9CEB8-8B4A-11D0-8D11-00A0C91BC942}") = "Task 8", "..\Task 8\Task 8.vcxproj", "{777B50F8-1AFD-4DFD-8FFE-EE91F01DA421}"
EndProject
Global
	GlobalSection(SolutionConfigurationPlatforms) = preSolution
		Debug|x64 = Debug|x64
		Debug|x86 = Debug|x86
		Release|x64 = Release|x64
		Release|x86 = Release|x86
	EndGlobalSection
	GlobalSection(ProjectConfigurationPlatforms) = postSolution
		{13C2A244-929A-47B7-BB20-5D123AB5A626}.Debug|x64.ActiveCfg = Debug|x64
		{13C2A244-929A-47B7-BB20-5D123AB5A626}.Debug|x64.Build.0 = Debug|x64
		{13C2A244-929A-47B7-BB20-5D123AB5A626}.Debug|x86.ActiveCfg = Debug|Win32
		{13C2A244-929A-47B7-BB20-5D123AB5A626}.Debug|x86.Build.0 = Debug|Win32
		{13C2A244-929A-47B7-BB20-5D123AB5A626}.Release|x64.ActiveCfg = Release|x64
		{13C2A244-929A-47B7-BB20-5D123AB5A626}.Release|x64.Build.0 = Release|x64
		{13C2A244-929A-47B7-BB20-5D123AB5A626}.Release|x86.ActiveCfg = Release|Win32
		{13C2A244-929A-47B7-BB20-5D123AB5A626}.Release|x86.Build.0 = Release|Win32
		{7E8FB59D-9C7A-48D0-A032-1771D71ADE48}.Debug|x64.ActiveCfg = Debug|x64
		{7E8FB59D-9C7A-48D0-A032-1771D71ADE48}.Debug|x64.Build.0 = Debug|x64
		{7E8FB59D-9C7A-48D0-A032-1771D71ADE48}.Debug|x86.ActiveCfg = Debug|Win32
		{7E8FB59D-9C7A-48D0-A032-1771D71ADE48}.Debug|x86.Build.0 = Debug|Win32
		{7E8FB59D-9C7A-48D0-A032-1771D71ADE48}.Release|x64.ActiveCfg = Release|x64
		{7E8FB59D-9C7A-48D0-A032-1771D71ADE48}.Release|x64.Build.0 = Release|x64
		{7E8FB59D-9C7A-48D0-A032-1771D71ADE48}.Release|x86.ActiveCfg = Release|Win32
		{7E8FB59D-9C7A-48D0-A032-1771D71ADE48}.Release|x86.Build.0 = Release|Win32
		{7CA5D93D-FB24-4669-8E86-07CD9E68C7DD}.Debug|x64.ActiveCfg = Debug|x64
		{7CA5D93D-FB24-4669-8E86-07CD9E68C7DD}.Debug|x64.Build.0 = Debug|x64
		{7CA5D93D-FB24-4669-8E86-07CD9E68C7DD}.Debug|x86.ActiveCfg = Debug|Win32
		{7CA5D93D-FB24-4669-8E86-07CD9E68C7DD}.Debug|x86.Build.0 = Debug|Win32
		{7CA5D93D-FB24-4669-8E86-07CD9E68C7DD}.Release|x64.ActiveCfg = Release|x64
		{7CA5D93D-FB24-4669-8E86-07CD9E68C7DD}.Release|x64.Build.0 = Release|x64
		{7CA5D93D-FB24-4669-8E86-07CD9E68C7DD}.Release|x86.ActiveCfg = Release|Win32
		{7CA5D93D-FB24-4669-8E86-07CD9E68C7DD}.Release|x86.Build.0 = Release|Win32
		{CE9F0E57-1EA1-4DB4-B3D3-4080E9B1DAAA}.Debug|x64.ActiveCfg = Debug|x64
		{CE9F0E57-1EA1-4DB4-B3D3-4080E9B1DAAA}.Debug|x64.Build.0 = Debug|x64
		{CE9F0E57-1EA1-4DB4-B3D3-4080E9B1DAAA}.Debug|x86.ActiveCfg = Debug|Win32
		{CE9F0E57-1EA1-4DB4-B3D3-4080E9B1DAAA}.Debug|x86.Build.0 = Debug|Win32
		{CE9F0E57-1EA1-4DB4-B3D3-4080E9B1DAAA}.Release|x64.ActiveCfg = Release|x64
		{CE9F0E57-1EA1-4DB4-B3D3-4080E9B1DAAA}.Release|x64.Build.0 = Release|x64
		{CE9F0E57-1EA1-4DB4-B3D3-4080E9B1DAAA}.Release|x86.ActiveCfg = Release|Win32
		{CE9F0E57-1EA1-4DB4-B3D3-4080E9B1DAAA}.Release|x86.Build.0 = Release|Win32
		{46FB5457-9382-40F6-81BE-814A31A4DA64}.Debug|x64.ActiveCfg = Debug|x64
		{46FB5457-9382-40F6-81BE-814A31A4DA64}.Debug|x64.Build.0 = Debug|x64
		{46FB5457-9382-40F6-81BE-814A31A4DA64}.Debug|x86.ActiveCfg = Debug|Win32
		{46FB5457-9382-40F6-81BE-814A31A4DA64}.Debug|x86.Build.0 = Debug|Win32
		{46FB5457-9382-40F6-81BE-814A31A4DA64}.Release|x64.ActiveCfg = Release|x64
		{46FB5457-9382-40F6-81BE-814A31A4DA64}.Release|x64.Build.0 = Release|x64
		{46FB5457-9382-40F6-81BE-814A31A4DA64}.Release|x86.ActiveCfg = Release|Win32
		{46FB5457-9382-40F6-81BE-814A31A4DA64}.Release|x86.Build.0 = Release|Win32
		{2A99788A-BE69-4030-92F7-87D8C2D48364}.Debug|x64.ActiveCfg = Debug|x64
		{2A99788A-BE69-4030-92F7-87D8C2D48364}.Debug|x64.Build.0 = Debug|x64
		{2A99788A-BE69-4030-92F7-87D8C2D48364}.Debug|x86.ActiveCfg = Debug|Win32
		{2A99788A-BE69-4030-92F7-87D8C2D48364}.Debug|x86.Build.0 = Debug|Win32
		{2A99788A-BE69-4030-92F7-87D8C2D48364}.Release|x64.ActiveCfg = Release|x64
		{2A99788A-BE69-4030-92F7-87D8C2D48364}.Release|x64.Build.0 = Release|x64
		{2A99788A-BE69-4030-92F7-87D8C2D48364}.Release|x86.ActiveCfg = Release|Win32
		{2A99788A-BE69-4030-92F7-87D8C2D48364}.Release|x86.Build.0 = Release|Win32
		{2F655B1E-7941-4647-B1D4-A896669AFC8A}.Debug|x64.ActiveCfg = Debug|x64
		{2F655B1E-7941-4647-B1D4-A896669AFC8A}.Debug|x64.Build.0 = Debug|x64
		{2F655B1E-7941-4647-B1D4-A896669AFC8A}.Debug|x86.ActiveCfg = Debug|Win32
		{2F655B1E-7941-4647-B1D4-A896669AFC8A}.Debug|x86.Build.0 = Debug|Win32
		{2F655B1E-7941-4647-B1D4-A896669AFC8A}.Release|x64.ActiveCfg = Release|x64
		{2F655B1E-7941-4647-B1D4-A896669AFC8A}.Release|x64.Build.0 = Release|x64
		{2F655B1E-7941-4647-B1D4-A896669AFC8A}.Release|x86.ActiveCfg = Release|Win32
		{2F655B1E-7941-4647-B1D4-A896669AFC8A}.Release|x86.Build.0 = Release|Win32
		{CA10E912-2944-43A1-9CA0-647E5974B15C}.Debug|x64.ActiveCfg = Debug|x64
		{CA10E912-2944-43A1-9CA0-647E5974B15C}.Debug|x64.Build.0 = Debug|x64
		{CA10E912-2944-43A1-9CA0-647E5974B15C}.Debug|x86.ActiveCfg = Debug|Win32
		{CA10E912-2944-43A1-9CA0-647E5974B15C}.Debug|x86.Build.0 = Debug|Win32
		{CA10E912-2944-43A1-9CA0-647E5974B15C}.Release|x64.ActiveCfg = Release|x64
		{CA10E912-2944-43A1-9CA0-647E5974B15C}.Release|x64.Build.0 = Release|x64
		{CA10E912-2944-43A1-9CA0-647E5974B15C}.Release|x86.ActiveCfg = Release|Win32
		{CA10E912-2944-43A1-9CA0-647E5974B15C}.Release|x86.Build.0 = Release|Win32
		{777B50F8-1AFD-4DFD-8FFE-EE91F01DA421}.Debug|x64.ActiveCfg = Debug|x64
		{777B50F8-1AFD-4DFD-8FFE-EE91F01DA421}.Debug|x64.Build.0 = Debug|x64
		{777B50F8-1AFD-4DFD-8FFE-EE91F01DA421}.Debug|x86.ActiveCfg = Debug|Win32
		{777B50F8-1AFD-4DFD-8FFE-EE91F01DA421}.Debug|x86.Build.0 = Debug|Win32
		{777B50F8-1AFD-4DFD-8FFE-EE91F01DA421}.Release|x64.ActiveCfg = Release|x64
		{777B50F8-1AFD-4DFD-8FFE-EE91F01DA421}.Release|x64.Build.0 = Release|x64
		{777B50F8-1AFD-4DFD-8FFE-EE91F01DA421}.Release|x86.ActiveCfg = Release|Win32
		{777B50F8-1AFD-4DFD-8FFE-EE91F01DA421}.Release|x86.Build.0 = Release|Win32
	EndGlobalSection
	GlobalSection(SolutionProperties) = preSolution
		HideSolutionNode = FALSE
	EndGlobalSection
	GlobalSection(ExtensibilityGlobals) = postSolution
		SolutionGuid = {AD13544A-79AF-4323-B44B-46B193898171}
	EndGlobalSection
EndGlobal
