
Microsoft Visual Studio Solution File, Format Version 12.00
# Visual Studio Version 16
VisualStudioVersion = 16.0.31624.102
MinimumVisualStudioVersion = 10.0.40219.1
Project("{8BC9CEB8-8B4A-11D0-8D11-00A0C91BC942}") = "Task 1", "Laba 4.vcxproj", "{45B016E8-D95A-4BAD-8BC4-5E006EB07394}"
EndProject
Project("{8BC9CEB8-8B4A-11D0-8D11-00A0C91BC942}") = "Task 2", "..\Task 2\Task 2.vcxproj", "{4AE3BD5B-5DC1-4EE6-AE8A-8551E7B85389}"
EndProject
Project("{8BC9CEB8-8B4A-11D0-8D11-00A0C91BC942}") = "Task 3", "..\Task 3\Task 3.vcxproj", "{39D3C832-6A01-4E86-B99E-8D01C8401BB0}"
EndProject
Project("{8BC9CEB8-8B4A-11D0-8D11-00A0C91BC942}") = "Task 4", "..\Task 4\Task 4.vcxproj", "{AE1AB000-6B2B-4150-8809-1D838E9CC18D}"
EndProject
Project("{8BC9CEB8-8B4A-11D0-8D11-00A0C91BC942}") = "Task 5", "..\Task 5\Task 5.vcxproj", "{99E3C504-9CE8-425E-AC44-09026510CCDB}"
EndProject
Project("{8BC9CEB8-8B4A-11D0-8D11-00A0C91BC942}") = "Task 6", "..\Task 6\Task 6.vcxproj", "{7E4852F8-05D2-4286-AA34-C8B5219BC5B9}"
EndProject
Project("{8BC9CEB8-8B4A-11D0-8D11-00A0C91BC942}") = "Task 7", "..\Task 7\Task 7.vcxproj", "{3D52E754-DF5E-4951-9059-F3C54092EEC1}"
EndProject
Project("{8BC9CEB8-8B4A-11D0-8D11-00A0C91BC942}") = "Task 8", "..\Task 8\Task 8.vcxproj", "{6D42358D-0833-48B9-AA80-0D70ED0B3E7A}"
EndProject
Project("{8BC9CEB8-8B4A-11D0-8D11-00A0C91BC942}") = "Task 9", "..\Task 9\Task 9.vcxproj", "{CF52059E-73ED-4605-8F5C-16894828C5EE}"
EndProject
Project("{8BC9CEB8-8B4A-11D0-8D11-00A0C91BC942}") = "Task 15", "..\Task 15\Task 15.vcxproj", "{1F565C71-F63F-487A-9FD9-2989C7D6CE96}"
EndProject
Project("{8BC9CEB8-8B4A-11D0-8D11-00A0C91BC942}") = "Task 12", "..\Task 12\Task 12.vcxproj", "{B9EC2829-398A-41E2-8D3D-3BF1BF8280C0}"
EndProject
Project("{8BC9CEB8-8B4A-11D0-8D11-00A0C91BC942}") = "Task 13", "..\Task 13\Task 13.vcxproj", "{AD84E97E-3582-4735-8B26-2A7291521A88}"
EndProject
Project("{8BC9CEB8-8B4A-11D0-8D11-00A0C91BC942}") = "Task 14", "..\Task 14\Task 14.vcxproj", "{1751DB02-BDC7-4ABE-8B41-8D912CC034DE}"
EndProject
Project("{8BC9CEB8-8B4A-11D0-8D11-00A0C91BC942}") = "Task 11", "..\Task 11\Task 11.vcxproj", "{87D49A66-B520-42E4-ACA6-F3A2C98A7D45}"
EndProject
Project("{8BC9CEB8-8B4A-11D0-8D11-00A0C91BC942}") = "Task 10", "..\Task 10\Task 10.vcxproj", "{2E30CDE4-A225-407C-9518-0415FD2D2FB4}"
EndProject
Global
	GlobalSection(SolutionConfigurationPlatforms) = preSolution
		Debug|x64 = Debug|x64
		Debug|x86 = Debug|x86
		Release|x64 = Release|x64
		Release|x86 = Release|x86
	EndGlobalSection
	GlobalSection(ProjectConfigurationPlatforms) = postSolution
		{45B016E8-D95A-4BAD-8BC4-5E006EB07394}.Debug|x64.ActiveCfg = Debug|x64
		{45B016E8-D95A-4BAD-8BC4-5E006EB07394}.Debug|x64.Build.0 = Debug|x64
		{45B016E8-D95A-4BAD-8BC4-5E006EB07394}.Debug|x86.ActiveCfg = Debug|Win32
		{45B016E8-D95A-4BAD-8BC4-5E006EB07394}.Debug|x86.Build.0 = Debug|Win32
		{45B016E8-D95A-4BAD-8BC4-5E006EB07394}.Release|x64.ActiveCfg = Release|x64
		{45B016E8-D95A-4BAD-8BC4-5E006EB07394}.Release|x64.Build.0 = Release|x64
		{45B016E8-D95A-4BAD-8BC4-5E006EB07394}.Release|x86.ActiveCfg = Release|Win32
		{45B016E8-D95A-4BAD-8BC4-5E006EB07394}.Release|x86.Build.0 = Release|Win32
		{4AE3BD5B-5DC1-4EE6-AE8A-8551E7B85389}.Debug|x64.ActiveCfg = Debug|x64
		{4AE3BD5B-5DC1-4EE6-AE8A-8551E7B85389}.Debug|x64.Build.0 = Debug|x64
		{4AE3BD5B-5DC1-4EE6-AE8A-8551E7B85389}.Debug|x86.ActiveCfg = Debug|Win32
		{4AE3BD5B-5DC1-4EE6-AE8A-8551E7B85389}.Debug|x86.Build.0 = Debug|Win32
		{4AE3BD5B-5DC1-4EE6-AE8A-8551E7B85389}.Release|x64.ActiveCfg = Release|x64
		{4AE3BD5B-5DC1-4EE6-AE8A-8551E7B85389}.Release|x64.Build.0 = Release|x64
		{4AE3BD5B-5DC1-4EE6-AE8A-8551E7B85389}.Release|x86.ActiveCfg = Release|Win32
		{4AE3BD5B-5DC1-4EE6-AE8A-8551E7B85389}.Release|x86.Build.0 = Release|Win32
		{39D3C832-6A01-4E86-B99E-8D01C8401BB0}.Debug|x64.ActiveCfg = Debug|x64
		{39D3C832-6A01-4E86-B99E-8D01C8401BB0}.Debug|x64.Build.0 = Debug|x64
		{39D3C832-6A01-4E86-B99E-8D01C8401BB0}.Debug|x86.ActiveCfg = Debug|Win32
		{39D3C832-6A01-4E86-B99E-8D01C8401BB0}.Debug|x86.Build.0 = Debug|Win32
		{39D3C832-6A01-4E86-B99E-8D01C8401BB0}.Release|x64.ActiveCfg = Release|x64
		{39D3C832-6A01-4E86-B99E-8D01C8401BB0}.Release|x64.Build.0 = Release|x64
		{39D3C832-6A01-4E86-B99E-8D01C8401BB0}.Release|x86.ActiveCfg = Release|Win32
		{39D3C832-6A01-4E86-B99E-8D01C8401BB0}.Release|x86.Build.0 = Release|Win32
		{AE1AB000-6B2B-4150-8809-1D838E9CC18D}.Debug|x64.ActiveCfg = Debug|x64
		{AE1AB000-6B2B-4150-8809-1D838E9CC18D}.Debug|x64.Build.0 = Debug|x64
		{AE1AB000-6B2B-4150-8809-1D838E9CC18D}.Debug|x86.ActiveCfg = Debug|Win32
		{AE1AB000-6B2B-4150-8809-1D838E9CC18D}.Debug|x86.Build.0 = Debug|Win32
		{AE1AB000-6B2B-4150-8809-1D838E9CC18D}.Release|x64.ActiveCfg = Release|x64
		{AE1AB000-6B2B-4150-8809-1D838E9CC18D}.Release|x64.Build.0 = Release|x64
		{AE1AB000-6B2B-4150-8809-1D838E9CC18D}.Release|x86.ActiveCfg = Release|Win32
		{AE1AB000-6B2B-4150-8809-1D838E9CC18D}.Release|x86.Build.0 = Release|Win32
		{99E3C504-9CE8-425E-AC44-09026510CCDB}.Debug|x64.ActiveCfg = Debug|x64
		{99E3C504-9CE8-425E-AC44-09026510CCDB}.Debug|x64.Build.0 = Debug|x64
		{99E3C504-9CE8-425E-AC44-09026510CCDB}.Debug|x86.ActiveCfg = Debug|Win32
		{99E3C504-9CE8-425E-AC44-09026510CCDB}.Debug|x86.Build.0 = Debug|Win32
		{99E3C504-9CE8-425E-AC44-09026510CCDB}.Release|x64.ActiveCfg = Release|x64
		{99E3C504-9CE8-425E-AC44-09026510CCDB}.Release|x64.Build.0 = Release|x64
		{99E3C504-9CE8-425E-AC44-09026510CCDB}.Release|x86.ActiveCfg = Release|Win32
		{99E3C504-9CE8-425E-AC44-09026510CCDB}.Release|x86.Build.0 = Release|Win32
		{7E4852F8-05D2-4286-AA34-C8B5219BC5B9}.Debug|x64.ActiveCfg = Debug|x64
		{7E4852F8-05D2-4286-AA34-C8B5219BC5B9}.Debug|x64.Build.0 = Debug|x64
		{7E4852F8-05D2-4286-AA34-C8B5219BC5B9}.Debug|x86.ActiveCfg = Debug|Win32
		{7E4852F8-05D2-4286-AA34-C8B5219BC5B9}.Debug|x86.Build.0 = Debug|Win32
		{7E4852F8-05D2-4286-AA34-C8B5219BC5B9}.Release|x64.ActiveCfg = Release|x64
		{7E4852F8-05D2-4286-AA34-C8B5219BC5B9}.Release|x64.Build.0 = Release|x64
		{7E4852F8-05D2-4286-AA34-C8B5219BC5B9}.Release|x86.ActiveCfg = Release|Win32
		{7E4852F8-05D2-4286-AA34-C8B5219BC5B9}.Release|x86.Build.0 = Release|Win32
		{3D52E754-DF5E-4951-9059-F3C54092EEC1}.Debug|x64.ActiveCfg = Debug|x64
		{3D52E754-DF5E-4951-9059-F3C54092EEC1}.Debug|x64.Build.0 = Debug|x64
		{3D52E754-DF5E-4951-9059-F3C54092EEC1}.Debug|x86.ActiveCfg = Debug|Win32
		{3D52E754-DF5E-4951-9059-F3C54092EEC1}.Debug|x86.Build.0 = Debug|Win32
		{3D52E754-DF5E-4951-9059-F3C54092EEC1}.Release|x64.ActiveCfg = Release|x64
		{3D52E754-DF5E-4951-9059-F3C54092EEC1}.Release|x64.Build.0 = Release|x64
		{3D52E754-DF5E-4951-9059-F3C54092EEC1}.Release|x86.ActiveCfg = Release|Win32
		{3D52E754-DF5E-4951-9059-F3C54092EEC1}.Release|x86.Build.0 = Release|Win32
		{6D42358D-0833-48B9-AA80-0D70ED0B3E7A}.Debug|x64.ActiveCfg = Debug|x64
		{6D42358D-0833-48B9-AA80-0D70ED0B3E7A}.Debug|x64.Build.0 = Debug|x64
		{6D42358D-0833-48B9-AA80-0D70ED0B3E7A}.Debug|x86.ActiveCfg = Debug|Win32
		{6D42358D-0833-48B9-AA80-0D70ED0B3E7A}.Debug|x86.Build.0 = Debug|Win32
		{6D42358D-0833-48B9-AA80-0D70ED0B3E7A}.Release|x64.ActiveCfg = Release|x64
		{6D42358D-0833-48B9-AA80-0D70ED0B3E7A}.Release|x64.Build.0 = Release|x64
		{6D42358D-0833-48B9-AA80-0D70ED0B3E7A}.Release|x86.ActiveCfg = Release|Win32
		{6D42358D-0833-48B9-AA80-0D70ED0B3E7A}.Release|x86.Build.0 = Release|Win32
		{CF52059E-73ED-4605-8F5C-16894828C5EE}.Debug|x64.ActiveCfg = Debug|x64
		{CF52059E-73ED-4605-8F5C-16894828C5EE}.Debug|x64.Build.0 = Debug|x64
		{CF52059E-73ED-4605-8F5C-16894828C5EE}.Debug|x86.ActiveCfg = Debug|Win32
		{CF52059E-73ED-4605-8F5C-16894828C5EE}.Debug|x86.Build.0 = Debug|Win32
		{CF52059E-73ED-4605-8F5C-16894828C5EE}.Release|x64.ActiveCfg = Release|x64
		{CF52059E-73ED-4605-8F5C-16894828C5EE}.Release|x64.Build.0 = Release|x64
		{CF52059E-73ED-4605-8F5C-16894828C5EE}.Release|x86.ActiveCfg = Release|Win32
		{CF52059E-73ED-4605-8F5C-16894828C5EE}.Release|x86.Build.0 = Release|Win32
		{1F565C71-F63F-487A-9FD9-2989C7D6CE96}.Debug|x64.ActiveCfg = Debug|x64
		{1F565C71-F63F-487A-9FD9-2989C7D6CE96}.Debug|x64.Build.0 = Debug|x64
		{1F565C71-F63F-487A-9FD9-2989C7D6CE96}.Debug|x86.ActiveCfg = Debug|Win32
		{1F565C71-F63F-487A-9FD9-2989C7D6CE96}.Debug|x86.Build.0 = Debug|Win32
		{1F565C71-F63F-487A-9FD9-2989C7D6CE96}.Release|x64.ActiveCfg = Release|x64
		{1F565C71-F63F-487A-9FD9-2989C7D6CE96}.Release|x64.Build.0 = Release|x64
		{1F565C71-F63F-487A-9FD9-2989C7D6CE96}.Release|x86.ActiveCfg = Release|Win32
		{1F565C71-F63F-487A-9FD9-2989C7D6CE96}.Release|x86.Build.0 = Release|Win32
		{B9EC2829-398A-41E2-8D3D-3BF1BF8280C0}.Debug|x64.ActiveCfg = Debug|x64
		{B9EC2829-398A-41E2-8D3D-3BF1BF8280C0}.Debug|x64.Build.0 = Debug|x64
		{B9EC2829-398A-41E2-8D3D-3BF1BF8280C0}.Debug|x86.ActiveCfg = Debug|Win32
		{B9EC2829-398A-41E2-8D3D-3BF1BF8280C0}.Debug|x86.Build.0 = Debug|Win32
		{B9EC2829-398A-41E2-8D3D-3BF1BF8280C0}.Release|x64.ActiveCfg = Release|x64
		{B9EC2829-398A-41E2-8D3D-3BF1BF8280C0}.Release|x64.Build.0 = Release|x64
		{B9EC2829-398A-41E2-8D3D-3BF1BF8280C0}.Release|x86.ActiveCfg = Release|Win32
		{B9EC2829-398A-41E2-8D3D-3BF1BF8280C0}.Release|x86.Build.0 = Release|Win32
		{AD84E97E-3582-4735-8B26-2A7291521A88}.Debug|x64.ActiveCfg = Debug|x64
		{AD84E97E-3582-4735-8B26-2A7291521A88}.Debug|x64.Build.0 = Debug|x64
		{AD84E97E-3582-4735-8B26-2A7291521A88}.Debug|x86.ActiveCfg = Debug|Win32
		{AD84E97E-3582-4735-8B26-2A7291521A88}.Debug|x86.Build.0 = Debug|Win32
		{AD84E97E-3582-4735-8B26-2A7291521A88}.Release|x64.ActiveCfg = Release|x64
		{AD84E97E-3582-4735-8B26-2A7291521A88}.Release|x64.Build.0 = Release|x64
		{AD84E97E-3582-4735-8B26-2A7291521A88}.Release|x86.ActiveCfg = Release|Win32
		{AD84E97E-3582-4735-8B26-2A7291521A88}.Release|x86.Build.0 = Release|Win32
		{1751DB02-BDC7-4ABE-8B41-8D912CC034DE}.Debug|x64.ActiveCfg = Debug|x64
		{1751DB02-BDC7-4ABE-8B41-8D912CC034DE}.Debug|x64.Build.0 = Debug|x64
		{1751DB02-BDC7-4ABE-8B41-8D912CC034DE}.Debug|x86.ActiveCfg = Debug|Win32
		{1751DB02-BDC7-4ABE-8B41-8D912CC034DE}.Debug|x86.Build.0 = Debug|Win32
		{1751DB02-BDC7-4ABE-8B41-8D912CC034DE}.Release|x64.ActiveCfg = Release|x64
		{1751DB02-BDC7-4ABE-8B41-8D912CC034DE}.Release|x64.Build.0 = Release|x64
		{1751DB02-BDC7-4ABE-8B41-8D912CC034DE}.Release|x86.ActiveCfg = Release|Win32
		{1751DB02-BDC7-4ABE-8B41-8D912CC034DE}.Release|x86.Build.0 = Release|Win32
		{87D49A66-B520-42E4-ACA6-F3A2C98A7D45}.Debug|x64.ActiveCfg = Debug|x64
		{87D49A66-B520-42E4-ACA6-F3A2C98A7D45}.Debug|x64.Build.0 = Debug|x64
		{87D49A66-B520-42E4-ACA6-F3A2C98A7D45}.Debug|x86.ActiveCfg = Debug|Win32
		{87D49A66-B520-42E4-ACA6-F3A2C98A7D45}.Debug|x86.Build.0 = Debug|Win32
		{87D49A66-B520-42E4-ACA6-F3A2C98A7D45}.Release|x64.ActiveCfg = Release|x64
		{87D49A66-B520-42E4-ACA6-F3A2C98A7D45}.Release|x64.Build.0 = Release|x64
		{87D49A66-B520-42E4-ACA6-F3A2C98A7D45}.Release|x86.ActiveCfg = Release|Win32
		{87D49A66-B520-42E4-ACA6-F3A2C98A7D45}.Release|x86.Build.0 = Release|Win32
		{2E30CDE4-A225-407C-9518-0415FD2D2FB4}.Debug|x64.ActiveCfg = Debug|x64
		{2E30CDE4-A225-407C-9518-0415FD2D2FB4}.Debug|x64.Build.0 = Debug|x64
		{2E30CDE4-A225-407C-9518-0415FD2D2FB4}.Debug|x86.ActiveCfg = Debug|Win32
		{2E30CDE4-A225-407C-9518-0415FD2D2FB4}.Debug|x86.Build.0 = Debug|Win32
		{2E30CDE4-A225-407C-9518-0415FD2D2FB4}.Release|x64.ActiveCfg = Release|x64
		{2E30CDE4-A225-407C-9518-0415FD2D2FB4}.Release|x64.Build.0 = Release|x64
		{2E30CDE4-A225-407C-9518-0415FD2D2FB4}.Release|x86.ActiveCfg = Release|Win32
		{2E30CDE4-A225-407C-9518-0415FD2D2FB4}.Release|x86.Build.0 = Release|Win32
	EndGlobalSection
	GlobalSection(SolutionProperties) = preSolution
		HideSolutionNode = FALSE
	EndGlobalSection
	GlobalSection(ExtensibilityGlobals) = postSolution
		SolutionGuid = {3EA3694F-DEF4-4AAF-961C-56BAA5782D6D}
	EndGlobalSection
EndGlobal
