
Microsoft Visual Studio Solution File, Format Version 12.00
# Visual Studio Version 17
VisualStudioVersion = 17.1.32210.238
MinimumVisualStudioVersion = 10.0.40219.1
Project("{8BC9CEB8-8B4A-11D0-8D11-00A0C91BC942}") = "smart_pointers", "smart_pointers\smart_pointers.vcxproj", "{613AE395-7A76-47E0-A350-997C19C270CA}"
EndProject
Project("{8BC9CEB8-8B4A-11D0-8D11-00A0C91BC942}") = "Vector", "Vector\Vector.vcxproj", "{B3238BA5-7431-4DE2-9661-FAFEC3AC5314}"
EndProject
Project("{8BC9CEB8-8B4A-11D0-8D11-00A0C91BC942}") = "unique_ptr_vizual", "unique_ptr_vizual\unique_ptr_vizual.vcxproj", "{243EBA0E-9378-4BC9-BB5E-76B37624B372}"
EndProject
Project("{8BC9CEB8-8B4A-11D0-8D11-00A0C91BC942}") = "shared_ptr_vizual", "shared_ptr_vizual\shared_ptr_vizual.vcxproj", "{1C17DAC2-5F8A-4577-BE17-F628142E0A87}"
EndProject
Project("{8BC9CEB8-8B4A-11D0-8D11-00A0C91BC942}") = "weak_ptr_vizual", "weak_ptr_vizual\weak_ptr_vizual.vcxproj", "{014D7076-73FE-4AE1-9E19-2DF5D578EF04}"
EndProject
Global
	GlobalSection(SolutionConfigurationPlatforms) = preSolution
		Debug|x64 = Debug|x64
		Debug|x86 = Debug|x86
		Release|x64 = Release|x64
		Release|x86 = Release|x86
	EndGlobalSection
	GlobalSection(ProjectConfigurationPlatforms) = postSolution
		{613AE395-7A76-47E0-A350-997C19C270CA}.Debug|x64.ActiveCfg = Debug|x64
		{613AE395-7A76-47E0-A350-997C19C270CA}.Debug|x64.Build.0 = Debug|x64
		{613AE395-7A76-47E0-A350-997C19C270CA}.Debug|x86.ActiveCfg = Debug|Win32
		{613AE395-7A76-47E0-A350-997C19C270CA}.Debug|x86.Build.0 = Debug|Win32
		{613AE395-7A76-47E0-A350-997C19C270CA}.Release|x64.ActiveCfg = Release|x64
		{613AE395-7A76-47E0-A350-997C19C270CA}.Release|x64.Build.0 = Release|x64
		{613AE395-7A76-47E0-A350-997C19C270CA}.Release|x86.ActiveCfg = Release|Win32
		{613AE395-7A76-47E0-A350-997C19C270CA}.Release|x86.Build.0 = Release|Win32
		{B3238BA5-7431-4DE2-9661-FAFEC3AC5314}.Debug|x64.ActiveCfg = Debug|x64
		{B3238BA5-7431-4DE2-9661-FAFEC3AC5314}.Debug|x64.Build.0 = Debug|x64
		{B3238BA5-7431-4DE2-9661-FAFEC3AC5314}.Debug|x86.ActiveCfg = Debug|Win32
		{B3238BA5-7431-4DE2-9661-FAFEC3AC5314}.Debug|x86.Build.0 = Debug|Win32
		{B3238BA5-7431-4DE2-9661-FAFEC3AC5314}.Release|x64.ActiveCfg = Release|x64
		{B3238BA5-7431-4DE2-9661-FAFEC3AC5314}.Release|x64.Build.0 = Release|x64
		{B3238BA5-7431-4DE2-9661-FAFEC3AC5314}.Release|x86.ActiveCfg = Release|Win32
		{B3238BA5-7431-4DE2-9661-FAFEC3AC5314}.Release|x86.Build.0 = Release|Win32
		{243EBA0E-9378-4BC9-BB5E-76B37624B372}.Debug|x64.ActiveCfg = Debug|x64
		{243EBA0E-9378-4BC9-BB5E-76B37624B372}.Debug|x64.Build.0 = Debug|x64
		{243EBA0E-9378-4BC9-BB5E-76B37624B372}.Debug|x86.ActiveCfg = Debug|x64
		{243EBA0E-9378-4BC9-BB5E-76B37624B372}.Debug|x86.Build.0 = Debug|x64
		{243EBA0E-9378-4BC9-BB5E-76B37624B372}.Release|x64.ActiveCfg = Release|x64
		{243EBA0E-9378-4BC9-BB5E-76B37624B372}.Release|x64.Build.0 = Release|x64
		{243EBA0E-9378-4BC9-BB5E-76B37624B372}.Release|x86.ActiveCfg = Release|x64
		{243EBA0E-9378-4BC9-BB5E-76B37624B372}.Release|x86.Build.0 = Release|x64
		{1C17DAC2-5F8A-4577-BE17-F628142E0A87}.Debug|x64.ActiveCfg = Debug|x64
		{1C17DAC2-5F8A-4577-BE17-F628142E0A87}.Debug|x64.Build.0 = Debug|x64
		{1C17DAC2-5F8A-4577-BE17-F628142E0A87}.Debug|x86.ActiveCfg = Debug|x64
		{1C17DAC2-5F8A-4577-BE17-F628142E0A87}.Debug|x86.Build.0 = Debug|x64
		{1C17DAC2-5F8A-4577-BE17-F628142E0A87}.Release|x64.ActiveCfg = Release|x64
		{1C17DAC2-5F8A-4577-BE17-F628142E0A87}.Release|x64.Build.0 = Release|x64
		{1C17DAC2-5F8A-4577-BE17-F628142E0A87}.Release|x86.ActiveCfg = Release|x64
		{1C17DAC2-5F8A-4577-BE17-F628142E0A87}.Release|x86.Build.0 = Release|x64
		{014D7076-73FE-4AE1-9E19-2DF5D578EF04}.Debug|x64.ActiveCfg = Debug|x64
		{014D7076-73FE-4AE1-9E19-2DF5D578EF04}.Debug|x64.Build.0 = Debug|x64
		{014D7076-73FE-4AE1-9E19-2DF5D578EF04}.Debug|x86.ActiveCfg = Debug|x64
		{014D7076-73FE-4AE1-9E19-2DF5D578EF04}.Debug|x86.Build.0 = Debug|x64
		{014D7076-73FE-4AE1-9E19-2DF5D578EF04}.Release|x64.ActiveCfg = Release|x64
		{014D7076-73FE-4AE1-9E19-2DF5D578EF04}.Release|x64.Build.0 = Release|x64
		{014D7076-73FE-4AE1-9E19-2DF5D578EF04}.Release|x86.ActiveCfg = Release|x64
		{014D7076-73FE-4AE1-9E19-2DF5D578EF04}.Release|x86.Build.0 = Release|x64
	EndGlobalSection
	GlobalSection(SolutionProperties) = preSolution
		HideSolutionNode = FALSE
	EndGlobalSection
	GlobalSection(ExtensibilityGlobals) = postSolution
		SolutionGuid = {A0E1FE6C-7D1A-4B38-A86D-853E1FBF62B1}
	EndGlobalSection
EndGlobal
