
Microsoft Visual Studio Solution File, Format Version 12.00
# Visual Studio Version 17
VisualStudioVersion = 17.1.32228.430
MinimumVisualStudioVersion = 10.0.40219.1
Project("{9A19103F-16F7-4668-BE54-9A1E7A4F7556}") = "Triangle", "Triangle\Triangle.csproj", "{97996DEA-570A-4EE6-A4E6-752304E3024E}"
EndProject
Project("{FAE04EC0-301F-11D3-BF4B-00C04F79EFBC}") = "TriangleTest", "TriangleTest\TriangleTest.csproj", "{F8CFA188-AD53-48A9-9D3B-9028828A3889}"
EndProject
Global
	GlobalSection(SolutionConfigurationPlatforms) = preSolution
		Debug|Any CPU = Debug|Any CPU
		Release|Any CPU = Release|Any CPU
	EndGlobalSection
	GlobalSection(ProjectConfigurationPlatforms) = postSolution
		{97996DEA-570A-4EE6-A4E6-752304E3024E}.Debug|Any CPU.ActiveCfg = Debug|Any CPU
		{97996DEA-570A-4EE6-A4E6-752304E3024E}.Debug|Any CPU.Build.0 = Debug|Any CPU
		{97996DEA-570A-4EE6-A4E6-752304E3024E}.Release|Any CPU.ActiveCfg = Release|Any CPU
		{97996DEA-570A-4EE6-A4E6-752304E3024E}.Release|Any CPU.Build.0 = Release|Any CPU
		{F8CFA188-AD53-48A9-9D3B-9028828A3889}.Debug|Any CPU.ActiveCfg = Debug|Any CPU
		{F8CFA188-AD53-48A9-9D3B-9028828A3889}.Debug|Any CPU.Build.0 = Debug|Any CPU
		{F8CFA188-AD53-48A9-9D3B-9028828A3889}.Release|Any CPU.ActiveCfg = Release|Any CPU
		{F8CFA188-AD53-48A9-9D3B-9028828A3889}.Release|Any CPU.Build.0 = Release|Any CPU
	EndGlobalSection
	GlobalSection(SolutionProperties) = preSolution
		HideSolutionNode = FALSE
	EndGlobalSection
	GlobalSection(ExtensibilityGlobals) = postSolution
		SolutionGuid = {8092A375-C6B9-49CC-B50A-BFFFE61C9806}
	EndGlobalSection
EndGlobal
